
Microsoft Visual Studio Solution File, Format Version 12.00
# Visual Studio Version 16
VisualStudioVersion = 16.0.30225.117
MinimumVisualStudioVersion = 10.0.40219.1
Project("{FAE04EC0-301F-11D3-BF4B-00C04F79EFBC}") = "HelloSourceControl", "HelloSourceControl.csproj", "{1AACAEAD-8DFA-4AC3-A747-D2D0FB8C3923}"
EndProject
Global
	GlobalSection(SolutionConfigurationPlatforms) = preSolution
		Debug|Any CPU = Debug|Any CPU
		Release|Any CPU = Release|Any CPU
	EndGlobalSection
	GlobalSection(ProjectConfigurationPlatforms) = postSolution
		{1AACAEAD-8DFA-4AC3-A747-D2D0FB8C3923}.Debug|Any CPU.ActiveCfg = Debug|Any CPU
		{1AACAEAD-8DFA-4AC3-A747-D2D0FB8C3923}.Debug|Any CPU.Build.0 = Debug|Any CPU
		{1AACAEAD-8DFA-4AC3-A747-D2D0FB8C3923}.Release|Any CPU.ActiveCfg = Release|Any CPU
		{1AACAEAD-8DFA-4AC3-A747-D2D0FB8C3923}.Release|Any CPU.Build.0 = Release|Any CPU
	EndGlobalSection
	GlobalSection(SolutionProperties) = preSolution
		HideSolutionNode = FALSE
	EndGlobalSection
	GlobalSection(ExtensibilityGlobals) = postSolution
		SolutionGuid = {2C7956AA-2593-478C-900F-EBB1258748F9}
	EndGlobalSection
EndGlobal
